{
  "name": "lcx-lang",
  "version": "0.1.0",
  "lockfileVersion": 1,
  "requires": true,
  "dependencies": {
    "acorn": {
      "version": "6.1.1",
      "resolved": "http://registry.npm.taobao.org/acorn/download/acorn-6.1.1.tgz",
      "integrity": "sha1-fSWuBbuK0fm2mRCOEJTs14hK3B8="
    },
    "acorn-jsx": {
      "version": "5.0.1",
      "resolved": "http://registry.npm.taobao.org/acorn-jsx/download/acorn-jsx-5.0.1.tgz",
      "integrity": "sha1-MqBk/ZJUKSFqCbFBECv90YX65A4="
    }
  }
}
